
Microsoft Visual Studio Solution File, Format Version 12.00
# Visual Studio Version 17
VisualStudioVersion = 17.0.31903.59
MinimumVisualStudioVersion = 10.0.40219.1
Project("{FAE04EC0-301F-11D3-BF4B-00C04F79EFBC}") = "Presentation", "Presentation\Presentation.csproj", "{560959AD-6E0C-4568-9129-0B9787862E16}"
EndProject
Project("{FAE04EC0-301F-11D3-BF4B-00C04F79EFBC}") = "Domain", "Domain\Domain.csproj", "{A7FBFD93-FD31-421A-BF65-E4D7AF7D5880}"
EndProject
Project("{FAE04EC0-301F-11D3-BF4B-00C04F79EFBC}") = "Application", "Application\Application.csproj", "{E55EE2AA-DDBB-49B9-A3E2-0BFE03CC4050}"
EndProject
Project("{FAE04EC0-301F-11D3-BF4B-00C04F79EFBC}") = "Infrastructure", "Infrastructure\Infrastructure.csproj", "{1ED8B772-FF25-4006-B02B-C833FC13D4C7}"
EndProject
Global
	GlobalSection(SolutionConfigurationPlatforms) = preSolution
		Debug|Any CPU = Debug|Any CPU
		Debug|x64 = Debug|x64
		Debug|x86 = Debug|x86
		Release|Any CPU = Release|Any CPU
		Release|x64 = Release|x64
		Release|x86 = Release|x86
	EndGlobalSection
	GlobalSection(ProjectConfigurationPlatforms) = postSolution
		{560959AD-6E0C-4568-9129-0B9787862E16}.Debug|Any CPU.ActiveCfg = Debug|Any CPU
		{560959AD-6E0C-4568-9129-0B9787862E16}.Debug|Any CPU.Build.0 = Debug|Any CPU
		{560959AD-6E0C-4568-9129-0B9787862E16}.Debug|x64.ActiveCfg = Debug|Any CPU
		{560959AD-6E0C-4568-9129-0B9787862E16}.Debug|x64.Build.0 = Debug|Any CPU
		{560959AD-6E0C-4568-9129-0B9787862E16}.Debug|x86.ActiveCfg = Debug|Any CPU
		{560959AD-6E0C-4568-9129-0B9787862E16}.Debug|x86.Build.0 = Debug|Any CPU
		{560959AD-6E0C-4568-9129-0B9787862E16}.Release|Any CPU.ActiveCfg = Release|Any CPU
		{560959AD-6E0C-4568-9129-0B9787862E16}.Release|Any CPU.Build.0 = Release|Any CPU
		{560959AD-6E0C-4568-9129-0B9787862E16}.Release|x64.ActiveCfg = Release|Any CPU
		{560959AD-6E0C-4568-9129-0B9787862E16}.Release|x64.Build.0 = Release|Any CPU
		{560959AD-6E0C-4568-9129-0B9787862E16}.Release|x86.ActiveCfg = Release|Any CPU
		{560959AD-6E0C-4568-9129-0B9787862E16}.Release|x86.Build.0 = Release|Any CPU
		{A7FBFD93-FD31-421A-BF65-E4D7AF7D5880}.Debug|Any CPU.ActiveCfg = Debug|Any CPU
		{A7FBFD93-FD31-421A-BF65-E4D7AF7D5880}.Debug|Any CPU.Build.0 = Debug|Any CPU
		{A7FBFD93-FD31-421A-BF65-E4D7AF7D5880}.Debug|x64.ActiveCfg = Debug|Any CPU
		{A7FBFD93-FD31-421A-BF65-E4D7AF7D5880}.Debug|x64.Build.0 = Debug|Any CPU
		{A7FBFD93-FD31-421A-BF65-E4D7AF7D5880}.Debug|x86.ActiveCfg = Debug|Any CPU
		{A7FBFD93-FD31-421A-BF65-E4D7AF7D5880}.Debug|x86.Build.0 = Debug|Any CPU
		{A7FBFD93-FD31-421A-BF65-E4D7AF7D5880}.Release|Any CPU.ActiveCfg = Release|Any CPU
		{A7FBFD93-FD31-421A-BF65-E4D7AF7D5880}.Release|Any CPU.Build.0 = Release|Any CPU
		{A7FBFD93-FD31-421A-BF65-E4D7AF7D5880}.Release|x64.ActiveCfg = Release|Any CPU
		{A7FBFD93-FD31-421A-BF65-E4D7AF7D5880}.Release|x64.Build.0 = Release|Any CPU
		{A7FBFD93-FD31-421A-BF65-E4D7AF7D5880}.Release|x86.ActiveCfg = Release|Any CPU
		{A7FBFD93-FD31-421A-BF65-E4D7AF7D5880}.Release|x86.Build.0 = Release|Any CPU
		{E55EE2AA-DDBB-49B9-A3E2-0BFE03CC4050}.Debug|Any CPU.ActiveCfg = Debug|Any CPU
		{E55EE2AA-DDBB-49B9-A3E2-0BFE03CC4050}.Debug|Any CPU.Build.0 = Debug|Any CPU
		{E55EE2AA-DDBB-49B9-A3E2-0BFE03CC4050}.Debug|x64.ActiveCfg = Debug|Any CPU
		{E55EE2AA-DDBB-49B9-A3E2-0BFE03CC4050}.Debug|x64.Build.0 = Debug|Any CPU
		{E55EE2AA-DDBB-49B9-A3E2-0BFE03CC4050}.Debug|x86.ActiveCfg = Debug|Any CPU
		{E55EE2AA-DDBB-49B9-A3E2-0BFE03CC4050}.Debug|x86.Build.0 = Debug|Any CPU
		{E55EE2AA-DDBB-49B9-A3E2-0BFE03CC4050}.Release|Any CPU.ActiveCfg = Release|Any CPU
		{E55EE2AA-DDBB-49B9-A3E2-0BFE03CC4050}.Release|Any CPU.Build.0 = Release|Any CPU
		{E55EE2AA-DDBB-49B9-A3E2-0BFE03CC4050}.Release|x64.ActiveCfg = Release|Any CPU
		{E55EE2AA-DDBB-49B9-A3E2-0BFE03CC4050}.Release|x64.Build.0 = Release|Any CPU
		{E55EE2AA-DDBB-49B9-A3E2-0BFE03CC4050}.Release|x86.ActiveCfg = Release|Any CPU
		{E55EE2AA-DDBB-49B9-A3E2-0BFE03CC4050}.Release|x86.Build.0 = Release|Any CPU
		{1ED8B772-FF25-4006-B02B-C833FC13D4C7}.Debug|Any CPU.ActiveCfg = Debug|Any CPU
		{1ED8B772-FF25-4006-B02B-C833FC13D4C7}.Debug|Any CPU.Build.0 = Debug|Any CPU
		{1ED8B772-FF25-4006-B02B-C833FC13D4C7}.Debug|x64.ActiveCfg = Debug|Any CPU
		{1ED8B772-FF25-4006-B02B-C833FC13D4C7}.Debug|x64.Build.0 = Debug|Any CPU
		{1ED8B772-FF25-4006-B02B-C833FC13D4C7}.Debug|x86.ActiveCfg = Debug|Any CPU
		{1ED8B772-FF25-4006-B02B-C833FC13D4C7}.Debug|x86.Build.0 = Debug|Any CPU
		{1ED8B772-FF25-4006-B02B-C833FC13D4C7}.Release|Any CPU.ActiveCfg = Release|Any CPU
		{1ED8B772-FF25-4006-B02B-C833FC13D4C7}.Release|Any CPU.Build.0 = Release|Any CPU
		{1ED8B772-FF25-4006-B02B-C833FC13D4C7}.Release|x64.ActiveCfg = Release|Any CPU
		{1ED8B772-FF25-4006-B02B-C833FC13D4C7}.Release|x64.Build.0 = Release|Any CPU
		{1ED8B772-FF25-4006-B02B-C833FC13D4C7}.Release|x86.ActiveCfg = Release|Any CPU
		{1ED8B772-FF25-4006-B02B-C833FC13D4C7}.Release|x86.Build.0 = Release|Any CPU
	EndGlobalSection
	GlobalSection(SolutionProperties) = preSolution
		HideSolutionNode = FALSE
	EndGlobalSection
EndGlobal
